// !$*UTF8*$!
{
	archiveVersion = 1;
	classes = {
	};
	objectVersion = 46;
	objects = {

/* Begin PBXBuildFile section */
		A8AAB18D1A30A52400B9B997 /* main.m in Sources */ = {isa = PBXBuildFile; fileRef = A8AAB18C1A30A52400B9B997 /* main.m */; };
		A8AAB1901A30A52400B9B997 /* AppDelegate.m in Sources */ = {isa = PBXBuildFile; fileRef = A8AAB18F1A30A52400B9B997 /* AppDelegate.m */; };
		A8AAB1931A30A52400B9B997 /* ViewController.m in Sources */ = {isa = PBXBuildFile; fileRef = A8AAB1921A30A52400B9B997 /* ViewController.m */; };
		A8AAB1961A30A52400B9B997 /* Main.storyboard in Resources */ = {isa = PBXBuildFile; fileRef = A8AAB1941A30A52400B9B997 /* Main.storyboard */; };
		A8AAB1981A30A52400B9B997 /* Images.xcassets in Resources */ = {isa = PBXBuildFile; fileRef = A8AAB1971A30A52400B9B997 /* Images.xcassets */; };
		A8AAB19B1A30A52400B9B997 /* LaunchScreen.xib in Resources */ = {isa = PBXBuildFile; fileRef = A8AAB1991A30A52400B9B997 /* LaunchScreen.xib */; };
		A8AAB1A71A30A52400B9B997 /* TestTableTests.m in Sources */ = {isa = PBXBuildFile; fileRef = A8AAB1A61A30A52400B9B997 /* TestTableTests.m */; };
		A8AAB1B21A30A90B00B9B997 /* ExampleTableController.m in Sources */ = {isa = PBXBuildFile; fileRef = A8AAB1B11A30A90B00B9B997 /* ExampleTableController.m */; };
		A8AAB1B51A30AA8500B9B997 /* MyCell.m in Sources */ = {isa = PBXBuildFile; fileRef = A8AAB1B41A30AA8500B9B997 /* MyCell.m */; };
/* End PBXBuildFile section */

/* Begin PBXContainerItemProxy section */
		A8AAB1A11A30A52400B9B997 /* PBXContainerItemProxy */ = {
			isa = PBXContainerItemProxy;
			containerPortal = A8AAB17F1A30A52400B9B997 /* Project object */;
			proxyType = 1;
			remoteGlobalIDString = A8AAB1861A30A52400B9B997;
			remoteInfo = TestTable;
		};
/* End PBXContainerItemProxy section */

/* Begin PBXFileReference section */
		A8AAB1871A30A52400B9B997 /* TestTable.app */ = {isa = PBXFileReference; explicitFileType = wrapper.application; includeInIndex = 0; path = TestTable.app; sourceTree = BUILT_PRODUCTS_DIR; };
		A8AAB18B1A30A52400B9B997 /* Info.plist */ = {isa = PBXFileReference; lastKnownFileType = text.plist.xml; path = Info.plist; sourceTree = "<group>"; };
		A8AAB18C1A30A52400B9B997 /* main.m */ = {isa = PBXFileReference; lastKnownFileType = sourcecode.c.objc; path = main.m; sourceTree = "<group>"; };
		A8AAB18E1A30A52400B9B997 /* AppDelegate.h */ = {isa = PBXFileReference; lastKnownFileType = sourcecode.c.h; path = AppDelegate.h; sourceTree = "<group>"; };
		A8AAB18F1A30A52400B9B997 /* AppDelegate.m */ = {isa = PBXFileReference; lastKnownFileType = sourcecode.c.objc; path = AppDelegate.m; sourceTree = "<group>"; };
		A8AAB1911A30A52400B9B997 /* ViewController.h */ = {isa = PBXFileReference; lastKnownFileType = sourcecode.c.h; path = ViewController.h; sourceTree = "<group>"; };
		A8AAB1921A30A52400B9B997 /* ViewController.m */ = {isa = PBXFileReference; lastKnownFileType = sourcecode.c.objc; path = ViewController.m; sourceTree = "<group>"; };
		A8AAB1951A30A52400B9B997 /* Base */ = {isa = PBXFileReference; lastKnownFileType = file.storyboard; name = Base; path = Base.lproj/Main.storyboard; sourceTree = "<group>"; };
		A8AAB1971A30A52400B9B997 /* Images.xcassets */ = {isa = PBXFileReference; lastKnownFileType = folder.assetcatalog; path = Images.xcassets; sourceTree = "<group>"; };
		A8AAB19A1A30A52400B9B997 /* Base */ = {isa = PBXFileReference; lastKnownFileType = file.xib; name = Base; path = Base.lproj/LaunchScreen.xib; sourceTree = "<group>"; };
		A8AAB1A01A30A52400B9B997 /* TestTableTests.xctest */ = {isa = PBXFileReference; explicitFileType = wrapper.cfbundle; includeInIndex = 0; path = TestTableTests.xctest; sourceTree = BUILT_PRODUCTS_DIR; };
		A8AAB1A51A30A52400B9B997 /* Info.plist */ = {isa = PBXFileReference; lastKnownFileType = text.plist.xml; path = Info.plist; sourceTree = "<group>"; };
		A8AAB1A61A30A52400B9B997 /* TestTableTests.m */ = {isa = PBXFileReference; lastKnownFileType = sourcecode.c.objc; path = TestTableTests.m; sourceTree = "<group>"; };
		A8AAB1B01A30A90B00B9B997 /* ExampleTableController.h */ = {isa = PBXFileReference; fileEncoding = 4; lastKnownFileType = sourcecode.c.h; path = ExampleTableController.h; sourceTree = "<group>"; };
		A8AAB1B11A30A90B00B9B997 /* ExampleTableController.m */ = {isa = PBXFileReference; fileEncoding = 4; lastKnownFileType = sourcecode.c.objc; path = ExampleTableController.m; sourceTree = "<group>"; };
		A8AAB1B31A30AA8500B9B997 /* MyCell.h */ = {isa = PBXFileReference; fileEncoding = 4; lastKnownFileType = sourcecode.c.h; path = MyCell.h; sourceTree = "<group>"; };
		A8AAB1B41A30AA8500B9B997 /* MyCell.m */ = {isa = PBXFileReference; fileEncoding = 4; lastKnownFileType = sourcecode.c.objc; path = MyCell.m; sourceTree = "<group>"; };
/* End PBXFileReference section */

/* Begin PBXFrameworksBuildPhase section */
		A8AAB1841A30A52400B9B997 /* Frameworks */ = {
			isa = PBXFrameworksBuildPhase;
			buildActionMask = 2147483647;
			files = (
			);
			runOnlyForDeploymentPostprocessing = 0;
		};
		A8AAB19D1A30A52400B9B997 /* Frameworks */ = {
			isa = PBXFrameworksBuildPhase;
			buildActionMask = 2147483647;
			files = (
			);
			runOnlyForDeploymentPostprocessing = 0;
		};
/* End PBXFrameworksBuildPhase section */

/* Begin PBXGroup section */
		A8AAB17E1A30A52400B9B997 = {
			isa = PBXGroup;
			children = (
				A8AAB1891A30A52400B9B997 /* TestTable */,
				A8AAB1A31A30A52400B9B997 /* TestTableTests */,
				A8AAB1881A30A52400B9B997 /* Products */,
			);
			sourceTree = "<group>";
		};
		A8AAB1881A30A52400B9B997 /* Products */ = {
			isa = PBXGroup;
			children = (
				A8AAB1871A30A52400B9B997 /* TestTable.app */,
				A8AAB1A01A30A52400B9B997 /* TestTableTests.xctest */,
			);
			name = Products;
			sourceTree = "<group>";
		};
		A8AAB1891A30A52400B9B997 /* TestTable */ = {
			isa = PBXGroup;
			children = (
				A8AAB18E1A30A52400B9B997 /* AppDelegate.h */,
				A8AAB18F1A30A52400B9B997 /* AppDelegate.m */,
				A8AAB1911A30A52400B9B997 /* ViewController.h */,
				A8AAB1921A30A52400B9B997 /* ViewController.m */,
				A8AAB1B01A30A90B00B9B997 /* ExampleTableController.h */,
				A8AAB1B11A30A90B00B9B997 /* ExampleTableController.m */,
				A8AAB1941A30A52400B9B997 /* Main.storyboard */,
				A8AAB1B31A30AA8500B9B997 /* MyCell.h */,
				A8AAB1B41A30AA8500B9B997 /* MyCell.m */,
				A8AAB1971A30A52400B9B997 /* Images.xcassets */,
				A8AAB1991A30A52400B9B997 /* LaunchScreen.xib */,
				A8AAB18A1A30A52400B9B997 /* Supporting Files */,
			);
			path = TestTable;
			sourceTree = "<group>";
		};
		A8AAB18A1A30A52400B9B997 /* Supporting Files */ = {
			isa = PBXGroup;
			children = (
				A8AAB18B1A30A52400B9B997 /* Info.plist */,
				A8AAB18C1A30A52400B9B997 /* main.m */,
			);
			name = "Supporting Files";
			sourceTree = "<group>";
		};
		A8AAB1A31A30A52400B9B997 /* TestTableTests */ = {
			isa = PBXGroup;
			children = (
				A8AAB1A61A30A52400B9B997 /* TestTableTests.m */,
				A8AAB1A41A30A52400B9B997 /* Supporting Files */,
			);
			path = TestTableTests;
			sourceTree = "<group>";
		};
		A8AAB1A41A30A52400B9B997 /* Supporting Files */ = {
			isa = PBXGroup;
			children = (
				A8AAB1A51A30A52400B9B997 /* Info.plist */,
			);
			name = "Supporting Files";
			sourceTree = "<group>";
		};
/* End PBXGroup section */

/* Begin PBXNativeTarget section */
		A8AAB1861A30A52400B9B997 /* TestTable */ = {
			isa = PBXNativeTarget;
			buildConfigurationList = A8AAB1AA1A30A52400B9B997 /* Build configuration list for PBXNativeTarget "TestTable" */;
			buildPhases = (
				A8AAB1831A30A52400B9B997 /* Sources */,
				A8AAB1841A30A52400B9B997 /* Frameworks */,
				A8AAB1851A30A52400B9B997 /* Resources */,
			);
			buildRules = (
			);
			dependencies = (
			);
			name = TestTable;
			productName = TestTable;
			productReference = A8AAB1871A30A52400B9B997 /* TestTable.app */;
			productType = "com.apple.product-type.application";
		};
		A8AAB19F1A30A52400B9B997 /* TestTableTests */ = {
			isa = PBXNativeTarget;
			buildConfigurationList = A8AAB1AD1A30A52400B9B997 /* Build configuration list for PBXNativeTarget "TestTableTests" */;
			buildPhases = (
				A8AAB19C1A30A52400B9B997 /* Sources */,
				A8AAB19D1A30A52400B9B997 /* Frameworks */,
				A8AAB19E1A30A52400B9B997 /* Resources */,
			);
			buildRules = (
			);
			dependencies = (
				A8AAB1A21A30A52400B9B997 /* PBXTargetDependency */,
			);
			name = TestTableTests;
			productName = TestTableTests;
			productReference = A8AAB1A01A30A52400B9B997 /* TestTableTests.xctest */;
			productType = "com.apple.product-type.bundle.unit-test";
		};
/* End PBXNativeTarget section */

/* Begin PBXProject section */
		A8AAB17F1A30A52400B9B997 /* Project object */ = {
			isa = PBXProject;
			attributes = {
				LastUpgradeCheck = 0610;
				ORGANIZATIONNAME = Alexander;
				TargetAttributes = {
					A8AAB1861A30A52400B9B997 = {
						CreatedOnToolsVersion = 6.1.1;
					};
					A8AAB19F1A30A52400B9B997 = {
						CreatedOnToolsVersion = 6.1.1;
						TestTargetID = A8AAB1861A30A52400B9B997;
					};
				};
			};
			buildConfigurationList = A8AAB1821A30A52400B9B997 /* Build configuration list for PBXProject "TestTable" */;
			compatibilityVersion = "Xcode 3.2";
			developmentRegion = English;
			hasScannedForEncodings = 0;
			knownRegions = (
				en,
				Base,
			);
			mainGroup = A8AAB17E1A30A52400B9B997;
			productRefGroup = A8AAB1881A30A52400B9B997 /* Products */;
			projectDirPath = "";
			projectRoot = "";
			targets = (
				A8AAB1861A30A52400B9B997 /* TestTable */,
				A8AAB19F1A30A52400B9B997 /* TestTableTests */,
			);
		};
/* End PBXProject section */

/* Begin PBXResourcesBuildPhase section */
		A8AAB1851A30A52400B9B997 /* Resources */ = {
			isa = PBXResourcesBuildPhase;
			buildActionMask = 2147483647;
			files = (
				A8AAB1961A30A52400B9B997 /* Main.storyboard in Resources */,
				A8AAB19B1A30A52400B9B997 /* LaunchScreen.xib in Resources */,
				A8AAB1981A30A52400B9B997 /* Images.xcassets in Resources */,
			);
			runOnlyForDeploymentPostprocessing = 0;
		};
		A8AAB19E1A30A52400B9B997 /* Resources */ = {
			isa = PBXResourcesBuildPhase;
			buildActionMask = 2147483647;
			files = (
			);
			runOnlyForDeploymentPostprocessing = 0;
		};
/* End PBXResourcesBuildPhase section */

/* Begin PBXSourcesBuildPhase section */
		A8AAB1831A30A52400B9B997 /* Sources */ = {
			isa = PBXSourcesBuildPhase;
			buildActionMask = 2147483647;
			files = (
				A8AAB1931A30A52400B9B997 /* ViewController.m in Sources */,
				A8AAB1901A30A52400B9B997 /* AppDelegate.m in Sources */,
				A8AAB18D1A30A52400B9B997 /* main.m in Sources */,
				A8AAB1B51A30AA8500B9B997 /* MyCell.m in Sources */,
				A8AAB1B21A30A90B00B9B997 /* ExampleTableController.m in Sources */,
			);
			runOnlyForDeploymentPostprocessing = 0;
		};
		A8AAB19C1A30A52400B9B997 /* Sources */ = {
			isa = PBXSourcesBuildPhase;
			buildActionMask = 2147483647;
			files = (
				A8AAB1A71A30A52400B9B997 /* TestTableTests.m in Sources */,
			);
			runOnlyForDeploymentPostprocessing = 0;
		};
/* End PBXSourcesBuildPhase section */

/* Begin PBXTargetDependency section */
		A8AAB1A21A30A52400B9B997 /* PBXTargetDependency */ = {
			isa = PBXTargetDependency;
			target = A8AAB1861A30A52400B9B997 /* TestTable */;
			targetProxy = A8AAB1A11A30A52400B9B997 /* PBXContainerItemProxy */;
		};
/* End PBXTargetDependency section */

/* Begin PBXVariantGroup section */
		A8AAB1941A30A52400B9B997 /* Main.storyboard */ = {
			isa = PBXVariantGroup;
			children = (
				A8AAB1951A30A52400B9B997 /* Base */,
			);
			name = Main.storyboard;
			sourceTree = "<group>";
		};
		A8AAB1991A30A52400B9B997 /* LaunchScreen.xib */ = {
			isa = PBXVariantGroup;
			children = (
				A8AAB19A1A30A52400B9B997 /* Base */,
			);
			name = LaunchScreen.xib;
			sourceTree = "<group>";
		};
/* End PBXVariantGroup section */

/* Begin XCBuildConfiguration section */
		A8AAB1A81A30A52400B9B997 /* Debug */ = {
			isa = XCBuildConfiguration;
			buildSettings = {
				ALWAYS_SEARCH_USER_PATHS = NO;
				CLANG_CXX_LANGUAGE_STANDARD = "gnu++0x";
				CLANG_CXX_LIBRARY = "libc++";
				CLANG_ENABLE_MODULES = YES;
				CLANG_ENABLE_OBJC_ARC = YES;
				CLANG_WARN_BOOL_CONVERSION = YES;
				CLANG_WARN_CONSTANT_CONVERSION = YES;
				CLANG_WARN_DIRECT_OBJC_ISA_USAGE = YES_ERROR;
				CLANG_WARN_EMPTY_BODY = YES;
				CLANG_WARN_ENUM_CONVERSION = YES;
				CLANG_WARN_INT_CONVERSION = YES;
				CLANG_WARN_OBJC_ROOT_CLASS = YES_ERROR;
				CLANG_WARN_UNREACHABLE_CODE = YES;
				CLANG_WARN__DUPLICATE_METHOD_MATCH = YES;
				"CODE_SIGN_IDENTITY[sdk=iphoneos*]" = "iPhone Developer";
				COPY_PHASE_STRIP = NO;
				ENABLE_STRICT_OBJC_MSGSEND = YES;
				GCC_C_LANGUAGE_STANDARD = gnu99;
				GCC_DYNAMIC_NO_PIC = NO;
				GCC_OPTIMIZATION_LEVEL = 0;
				GCC_PREPROCESSOR_DEFINITIONS = (
					"DEBUG=1",
					"$(inherited)",
				);
				GCC_SYMBOLS_PRIVATE_EXTERN = NO;
				GCC_WARN_64_TO_32_BIT_CONVERSION = YES;
				GCC_WARN_ABOUT_RETURN_TYPE = YES_ERROR;
				GCC_WARN_UNDECLARED_SELECTOR = YES;
				GCC_WARN_UNINITIALIZED_AUTOS = YES_AGGRESSIVE;
				GCC_WARN_UNUSED_FUNCTION = YES;
				GCC_WARN_UNUSED_VARIABLE = YES;
				IPHONEOS_DEPLOYMENT_TARGET = 8.1;
				MTL_ENABLE_DEBUG_INFO = YES;
				ONLY_ACTIVE_ARCH = YES;
				SDKROOT = iphoneos;
			};
			name = Debug;
		};
		A8AAB1A91A30A52400B9B997 /* Release */ = {
			isa = XCBuildConfiguration;
			buildSettings = {
				ALWAYS_SEARCH_USER_PATHS = NO;
				CLANG_CXX_LANGUAGE_STANDARD = "gnu++0x";
				CLANG_CXX_LIBRARY = "libc++";
				CLANG_ENABLE_MODULES = YES;
				CLANG_ENABLE_OBJC_ARC = YES;
				CLANG_WARN_BOOL_CONVERSION = YES;
				CLANG_WARN_CONSTANT_CONVERSION = YES;
				CLANG_WARN_DIRECT_OBJC_ISA_USAGE = YES_ERROR;
				CLANG_WARN_EMPTY_BODY = YES;
				CLANG_WARN_ENUM_CONVERSION = YES;
				CLANG_WARN_INT_CONVERSION = YES;
				CLANG_WARN_OBJC_ROOT_CLASS = YES_ERROR;
				CLANG_WARN_UNREACHABLE_CODE = YES;
				CLANG_WARN__DUPLICATE_METHOD_MATCH = YES;
				"CODE_SIGN_IDENTITY[sdk=iphoneos*]" = "iPhone Developer";
				COPY_PHASE_STRIP = YES;
				ENABLE_NS_ASSERTIONS = NO;
				ENABLE_STRICT_OBJC_MSGSEND = YES;
				GCC_C_LANGUAGE_STANDARD = gnu99;
				GCC_WARN_64_TO_32_BIT_CONVERSION = YES;
				GCC_WARN_ABOUT_RETURN_TYPE = YES_ERROR;
				GCC_WARN_UNDECLARED_SELECTOR = YES;
				GCC_WARN_UNINITIALIZED_AUTOS = YES_AGGRESSIVE;
				GCC_WARN_UNUSED_FUNCTION = YES;
				GCC_WARN_UNUSED_VARIABLE = YES;
				IPHONEOS_DEPLOYMENT_TARGET = 8.1;
				MTL_ENABLE_DEBUG_INFO = NO;
				SDKROOT = iphoneos;
				VALIDATE_PRODUCT = YES;
			};
			name = Release;
		};
		A8AAB1AB1A30A52400B9B997 /* Debug */ = {
			isa = XCBuildConfiguration;
			buildSettings = {
				ASSETCATALOG_COMPILER_APPICON_NAME = AppIcon;
				INFOPLIST_FILE = TestTable/Info.plist;
				LD_RUNPATH_SEARCH_PATHS = "$(inherited) @executable_path/Frameworks";
				PRODUCT_NAME = "$(TARGET_NAME)";
			};
			name = Debug;
		};
		A8AAB1AC1A30A52400B9B997 /* Release */ = {
			isa = XCBuildConfiguration;
			buildSettings = {
				ASSETCATALOG_COMPILER_APPICON_NAME = AppIcon;
				INFOPLIST_FILE = TestTable/Info.plist;
				LD_RUNPATH_SEARCH_PATHS = "$(inherited) @executable_path/Frameworks";
				PRODUCT_NAME = "$(TARGET_NAME)";
			};
			name = Release;
		};
		A8AAB1AE1A30A52400B9B997 /* Debug */ = {
			isa = XCBuildConfiguration;
			buildSettings = {
				BUNDLE_LOADER = "$(TEST_HOST)";
				FRAMEWORK_SEARCH_PATHS = (
					"$(SDKROOT)/Developer/Library/Frameworks",
					"$(inherited)",
				);
				GCC_PREPROCESSOR_DEFINITIONS = (
					"DEBUG=1",
					"$(inherited)",
				);
				INFOPLIST_FILE = TestTableTests/Info.plist;
				LD_RUNPATH_SEARCH_PATHS = "$(inherited) @executable_path/Frameworks @loader_path/Frameworks";
				PRODUCT_NAME = "$(TARGET_NAME)";
				TEST_HOST = "$(BUILT_PRODUCTS_DIR)/TestTable.app/TestTable";
			};
			name = Debug;
		};
		A8AAB1AF1A30A52400B9B997 /* Release */ = {
			isa = XCBuildConfiguration;
			buildSettings = {
				BUNDLE_LOADER = "$(TEST_HOST)";
				FRAMEWORK_SEARCH_PATHS = (
					"$(SDKROOT)/Developer/Library/Frameworks",
					"$(inherited)",
				);
				INFOPLIST_FILE = TestTableTests/Info.plist;
				LD_RUNPATH_SEARCH_PATHS = "$(inherited) @executable_path/Frameworks @loader_path/Frameworks";
				PRODUCT_NAME = "$(TARGET_NAME)";
				TEST_HOST = "$(BUILT_PRODUCTS_DIR)/TestTable.app/TestTable";
			};
			name = Release;
		};
/* End XCBuildConfiguration section */

/* Begin XCConfigurationList section */
		A8AAB1821A30A52400B9B997 /* Build configuration list for PBXProject "TestTable" */ = {
			isa = XCConfigurationList;
			buildConfigurations = (
				A8AAB1A81A30A52400B9B997 /* Debug */,
				A8AAB1A91A30A52400B9B997 /* Release */,
			);
			defaultConfigurationIsVisible = 0;
			defaultConfigurationName = Release;
		};
		A8AAB1AA1A30A52400B9B997 /* Build configuration list for PBXNativeTarget "TestTable" */ = {
			isa = XCConfigurationList;
			buildConfigurations = (
				A8AAB1AB1A30A52400B9B997 /* Debug */,
				A8AAB1AC1A30A52400B9B997 /* Release */,
			);
			defaultConfigurationIsVisible = 0;
		};
		A8AAB1AD1A30A52400B9B997 /* Build configuration list for PBXNativeTarget "TestTableTests" */ = {
			isa = XCConfigurationList;
			buildConfigurations = (
				A8AAB1AE1A30A52400B9B997 /* Debug */,
				A8AAB1AF1A30A52400B9B997 /* Release */,
			);
			defaultConfigurationIsVisible = 0;
		};
/* End XCConfigurationList section */
	};
	rootObject = A8AAB17F1A30A52400B9B997 /* Project object */;
}
